// !$*UTF8*$!
{
	archiveVersion = 1;
	classes = {
	};
	objectVersion = 56;
	objects = {

/* Begin PBXBuildFile section */
		0D13A2362C5D11440073DA7A /* ErrorModel.swift in Sources */ = {isa = PBXBuildFile; fileRef = 0D13A2352C5D11440073DA7A /* ErrorModel.swift */; };
		0D13A2382C5D12350073DA7A /* Alert.swift in Sources */ = {isa = PBXBuildFile; fileRef = 0D13A2372C5D12350073DA7A /* Alert.swift */; };
		0D13A23A2C5E5F0E0073DA7A /* SignUpView.swift in Sources */ = {isa = PBXBuildFile; fileRef = 0D13A2392C5E5F0E0073DA7A /* SignUpView.swift */; };
		0D13A23C2C60EC6F0073DA7A /* TellUsMoreView.swift in Sources */ = {isa = PBXBuildFile; fileRef = 0D13A23B2C60EC6F0073DA7A /* TellUsMoreView.swift */; };
		0D13A2402C610E400073DA7A /* AgePicker.swift in Sources */ = {isa = PBXBuildFile; fileRef = 0D13A23F2C610E400073DA7A /* AgePicker.swift */; };
		0D13A2422C612DC90073DA7A /* ImagePicker.swift in Sources */ = {isa = PBXBuildFile; fileRef = 0D13A2412C612DC90073DA7A /* ImagePicker.swift */; };
		0D13A2442C612FF60073DA7A /* ImageGridView.swift in Sources */ = {isa = PBXBuildFile; fileRef = 0D13A2432C612FF60073DA7A /* ImageGridView.swift */; };
		0D13A2462C626A190073DA7A /* BasicInfoView.swift in Sources */ = {isa = PBXBuildFile; fileRef = 0D13A2452C626A190073DA7A /* BasicInfoView.swift */; };
		0D13A2482C626A910073DA7A /* AdditionalInfoView.swift in Sources */ = {isa = PBXBuildFile; fileRef = 0D13A2472C626A910073DA7A /* AdditionalInfoView.swift */; };
		0D13A24E2C63B4E00073DA7A /* FirebaseStorage in Frameworks */ = {isa = PBXBuildFile; productRef = 0D13A24D2C63B4E00073DA7A /* FirebaseStorage */; };
		0D13A2502C6667A30073DA7A /* Photo.swift in Sources */ = {isa = PBXBuildFile; fileRef = 0D13A24F2C6667A30073DA7A /* Photo.swift */; };
		0D301CA32C48A062002F1BC8 /* datingAppApp.swift in Sources */ = {isa = PBXBuildFile; fileRef = 0D301CA22C48A062002F1BC8 /* datingAppApp.swift */; };
		0D301CA52C48A062002F1BC8 /* ContentView.swift in Sources */ = {isa = PBXBuildFile; fileRef = 0D301CA42C48A062002F1BC8 /* ContentView.swift */; };
		0D301CA72C48A064002F1BC8 /* Assets.xcassets in Resources */ = {isa = PBXBuildFile; fileRef = 0D301CA62C48A064002F1BC8 /* Assets.xcassets */; };
		0D301CAA2C48A064002F1BC8 /* Preview Assets.xcassets in Resources */ = {isa = PBXBuildFile; fileRef = 0D301CA92C48A064002F1BC8 /* Preview Assets.xcassets */; };
		0D301CB42C48A064002F1BC8 /* datingAppTests.swift in Sources */ = {isa = PBXBuildFile; fileRef = 0D301CB32C48A064002F1BC8 /* datingAppTests.swift */; };
		0D301CBE2C48A064002F1BC8 /* datingAppUITests.swift in Sources */ = {isa = PBXBuildFile; fileRef = 0D301CBD2C48A064002F1BC8 /* datingAppUITests.swift */; };
		0D301CC02C48A064002F1BC8 /* datingAppUITestsLaunchTests.swift in Sources */ = {isa = PBXBuildFile; fileRef = 0D301CBF2C48A064002F1BC8 /* datingAppUITestsLaunchTests.swift */; };
		0D301CD62C48A164002F1BC8 /* MainTabView.swift in Sources */ = {isa = PBXBuildFile; fileRef = 0D301CD52C48A164002F1BC8 /* MainTabView.swift */; };
		0D301CDA2C4E8D32002F1BC8 /* CardView.swift in Sources */ = {isa = PBXBuildFile; fileRef = 0D301CD92C4E8D32002F1BC8 /* CardView.swift */; };
		0D301CDC2C4E909B002F1BC8 /* UserInfoView.swift in Sources */ = {isa = PBXBuildFile; fileRef = 0D301CDB2C4E909B002F1BC8 /* UserInfoView.swift */; };
		0D301CDE2C4E9D50002F1BC8 /* SwipeActionIndicatorView.swift in Sources */ = {isa = PBXBuildFile; fileRef = 0D301CDD2C4E9D50002F1BC8 /* SwipeActionIndicatorView.swift */; };
		0D301CE12C4EA97A002F1BC8 /* SizeConstants.swift in Sources */ = {isa = PBXBuildFile; fileRef = 0D301CE02C4EA97A002F1BC8 /* SizeConstants.swift */; };
		0D301CE42C4F20C9002F1BC8 /* ImageScrollingView.swift in Sources */ = {isa = PBXBuildFile; fileRef = 0D301CE32C4F20C9002F1BC8 /* ImageScrollingView.swift */; };
		0D301CE62C4FBEFB002F1BC8 /* CardImageIndicatorView.swift in Sources */ = {isa = PBXBuildFile; fileRef = 0D301CE52C4FBEFB002F1BC8 /* CardImageIndicatorView.swift */; };
		0D301CE82C4FFC5C002F1BC8 /* CardStackView.swift in Sources */ = {isa = PBXBuildFile; fileRef = 0D301CE72C4FFC5C002F1BC8 /* CardStackView.swift */; };
		0D301CEC2C4FFE9B002F1BC8 /* User.swift in Sources */ = {isa = PBXBuildFile; fileRef = 0D301CEB2C4FFE9B002F1BC8 /* User.swift */; };
		0D301CEF2C4FFF47002F1BC8 /* CardModel.swift in Sources */ = {isa = PBXBuildFile; fileRef = 0D301CEE2C4FFF47002F1BC8 /* CardModel.swift */; };
		0D301CF22C4FFFB7002F1BC8 /* CardViewModel.swift in Sources */ = {isa = PBXBuildFile; fileRef = 0D301CF12C4FFFB7002F1BC8 /* CardViewModel.swift */; };
		0D301CF52C500056002F1BC8 /* CardService.swift in Sources */ = {isa = PBXBuildFile; fileRef = 0D301CF42C500056002F1BC8 /* CardService.swift */; };
		0D301CF72C5026B9002F1BC8 /* MockData.swift in Sources */ = {isa = PBXBuildFile; fileRef = 0D301CF62C5026B9002F1BC8 /* MockData.swift */; };
		0D301CF92C514DA1002F1BC8 /* SwipeActionButtonView.swift in Sources */ = {isa = PBXBuildFile; fileRef = 0D301CF82C514DA1002F1BC8 /* SwipeActionButtonView.swift */; };
		0D301CFB2C51525F002F1BC8 /* SwipeAction.swift in Sources */ = {isa = PBXBuildFile; fileRef = 0D301CFA2C51525F002F1BC8 /* SwipeAction.swift */; };
		0D5E080F2C6A0A4C00D60231 /* Alamofire in Frameworks */ = {isa = PBXBuildFile; productRef = 0D5E080E2C6A0A4C00D60231 /* Alamofire */; };
		0DF83CC82C52683D00F8C0A3 /* UserProfileView.swift in Sources */ = {isa = PBXBuildFile; fileRef = 0DF83CC72C52683D00F8C0A3 /* UserProfileView.swift */; };
		0DF83CCC2C527CFD00F8C0A3 /* CurrentUserProfileView.swift in Sources */ = {isa = PBXBuildFile; fileRef = 0DF83CCB2C527CFD00F8C0A3 /* CurrentUserProfileView.swift */; };
		0DF83CCE2C527EFC00F8C0A3 /* CurrentUserProfileHeaderView.swift in Sources */ = {isa = PBXBuildFile; fileRef = 0DF83CCD2C527EFC00F8C0A3 /* CurrentUserProfileHeaderView.swift */; };
		0DF83CD12C5287CA00F8C0A3 /* EditProfileView.swift in Sources */ = {isa = PBXBuildFile; fileRef = 0DF83CD02C5287CA00F8C0A3 /* EditProfileView.swift */; };
		0DF83CD32C528B4E00F8C0A3 /* ProfileGridImageView.swift in Sources */ = {isa = PBXBuildFile; fileRef = 0DF83CD22C528B4E00F8C0A3 /* ProfileGridImageView.swift */; };
		0DF83CD72C52970100F8C0A3 /* UserMatchView.swift in Sources */ = {isa = PBXBuildFile; fileRef = 0DF83CD62C52970100F8C0A3 /* UserMatchView.swift */; };
		0DF83CD92C52A05A00F8C0A3 /* MatchManager.swift in Sources */ = {isa = PBXBuildFile; fileRef = 0DF83CD82C52A05A00F8C0A3 /* MatchManager.swift */; };
		0DF83CDF2C52FC1100F8C0A3 /* GoogleService-Info.plist in Resources */ = {isa = PBXBuildFile; fileRef = 0DF83CDE2C52FC1100F8C0A3 /* GoogleService-Info.plist */; };
		0DF83CE02C52FC1100F8C0A3 /* GoogleService-Info.plist in Resources */ = {isa = PBXBuildFile; fileRef = 0DF83CDE2C52FC1100F8C0A3 /* GoogleService-Info.plist */; };
		0DF83CE12C52FC1100F8C0A3 /* GoogleService-Info.plist in Resources */ = {isa = PBXBuildFile; fileRef = 0DF83CDE2C52FC1100F8C0A3 /* GoogleService-Info.plist */; };
		0DF83CE52C52FDD200F8C0A3 /* FirebaseAuth in Frameworks */ = {isa = PBXBuildFile; productRef = 0DF83CE42C52FDD200F8C0A3 /* FirebaseAuth */; };
		0DF83CE72C52FDDD00F8C0A3 /* FirebaseDatabase in Frameworks */ = {isa = PBXBuildFile; productRef = 0DF83CE62C52FDDD00F8C0A3 /* FirebaseDatabase */; };
		0DF83CE92C52FDDD00F8C0A3 /* FirebaseDatabaseSwift in Frameworks */ = {isa = PBXBuildFile; productRef = 0DF83CE82C52FDDD00F8C0A3 /* FirebaseDatabaseSwift */; };
		0DF83CEB2C52FDEC00F8C0A3 /* FirebaseFirestore in Frameworks */ = {isa = PBXBuildFile; productRef = 0DF83CEA2C52FDEC00F8C0A3 /* FirebaseFirestore */; };
		0DF83CED2C52FDEC00F8C0A3 /* FirebaseFirestoreCombine-Community in Frameworks */ = {isa = PBXBuildFile; productRef = 0DF83CEC2C52FDEC00F8C0A3 /* FirebaseFirestoreCombine-Community */; };
		0DF83CEF2C52FDEC00F8C0A3 /* FirebaseFirestoreSwift in Frameworks */ = {isa = PBXBuildFile; productRef = 0DF83CEE2C52FDEC00F8C0A3 /* FirebaseFirestoreSwift */; };
		0DF83CF12C52FDFE00F8C0A3 /* FirebaseMessaging in Frameworks */ = {isa = PBXBuildFile; productRef = 0DF83CF02C52FDFE00F8C0A3 /* FirebaseMessaging */; };
		0DF83CF32C52FE3D00F8C0A3 /* FirebaseAnalyticsSwift in Frameworks */ = {isa = PBXBuildFile; productRef = 0DF83CF22C52FE3D00F8C0A3 /* FirebaseAnalyticsSwift */; };
		0DF83CF52C52FE4100F8C0A3 /* FirebaseAnalytics in Frameworks */ = {isa = PBXBuildFile; productRef = 0DF83CF42C52FE4100F8C0A3 /* FirebaseAnalytics */; };
		0DF83CF72C53EDA700F8C0A3 /* ImageLoader.swift in Sources */ = {isa = PBXBuildFile; fileRef = 0DF83CF62C53EDA700F8C0A3 /* ImageLoader.swift */; };
		0DF83CF82C53EDA700F8C0A3 /* ImageLoader.swift in Sources */ = {isa = PBXBuildFile; fileRef = 0DF83CF62C53EDA700F8C0A3 /* ImageLoader.swift */; };
		0DF83CF92C53EDA700F8C0A3 /* ImageLoader.swift in Sources */ = {isa = PBXBuildFile; fileRef = 0DF83CF62C53EDA700F8C0A3 /* ImageLoader.swift */; };
		0DF83CFB2C5470E500F8C0A3 /* AuthService.swift in Sources */ = {isa = PBXBuildFile; fileRef = 0DF83CFA2C5470E500F8C0A3 /* AuthService.swift */; };
		0DF83CFC2C5470E500F8C0A3 /* AuthService.swift in Sources */ = {isa = PBXBuildFile; fileRef = 0DF83CFA2C5470E500F8C0A3 /* AuthService.swift */; };
		0DF83CFD2C5470E500F8C0A3 /* AuthService.swift in Sources */ = {isa = PBXBuildFile; fileRef = 0DF83CFA2C5470E500F8C0A3 /* AuthService.swift */; };
		0DF83CFF2C5475AE00F8C0A3 /* FirebaseAuthCombine-Community in Frameworks */ = {isa = PBXBuildFile; productRef = 0DF83CFE2C5475AE00F8C0A3 /* FirebaseAuthCombine-Community */; };
		0DF83D042C58E58500F8C0A3 /* LoginView.swift in Sources */ = {isa = PBXBuildFile; fileRef = 0DF83D032C58E58500F8C0A3 /* LoginView.swift */; };
		0DF83D052C58E58500F8C0A3 /* LoginView.swift in Sources */ = {isa = PBXBuildFile; fileRef = 0DF83D032C58E58500F8C0A3 /* LoginView.swift */; };
		0DF83D062C58E58500F8C0A3 /* LoginView.swift in Sources */ = {isa = PBXBuildFile; fileRef = 0DF83D032C58E58500F8C0A3 /* LoginView.swift */; };
		0DF83D0C2C59180200F8C0A3 /* HeadlineTextView.swift in Sources */ = {isa = PBXBuildFile; fileRef = 0DF83D0B2C59180200F8C0A3 /* HeadlineTextView.swift */; };
		0DF83D0D2C59180200F8C0A3 /* HeadlineTextView.swift in Sources */ = {isa = PBXBuildFile; fileRef = 0DF83D0B2C59180200F8C0A3 /* HeadlineTextView.swift */; };
		0DF83D0E2C59180200F8C0A3 /* HeadlineTextView.swift in Sources */ = {isa = PBXBuildFile; fileRef = 0DF83D0B2C59180200F8C0A3 /* HeadlineTextView.swift */; };
		0DF83D112C5A54EE00F8C0A3 /* UserAuthModel.swift in Sources */ = {isa = PBXBuildFile; fileRef = 0DF83D102C5A54EE00F8C0A3 /* UserAuthModel.swift */; };
		0DF83D122C5A54EE00F8C0A3 /* UserAuthModel.swift in Sources */ = {isa = PBXBuildFile; fileRef = 0DF83D102C5A54EE00F8C0A3 /* UserAuthModel.swift */; };
		0DF83D132C5A54EE00F8C0A3 /* UserAuthModel.swift in Sources */ = {isa = PBXBuildFile; fileRef = 0DF83D102C5A54EE00F8C0A3 /* UserAuthModel.swift */; };
/* End PBXBuildFile section */

/* Begin PBXContainerItemProxy section */
		0D301CB02C48A064002F1BC8 /* PBXContainerItemProxy */ = {
			isa = PBXContainerItemProxy;
			containerPortal = 0D301C972C48A062002F1BC8 /* Project object */;
			proxyType = 1;
			remoteGlobalIDString = 0D301C9E2C48A062002F1BC8;
			remoteInfo = datingApp;
		};
		0D301CBA2C48A064002F1BC8 /* PBXContainerItemProxy */ = {
			isa = PBXContainerItemProxy;
			containerPortal = 0D301C972C48A062002F1BC8 /* Project object */;
			proxyType = 1;
			remoteGlobalIDString = 0D301C9E2C48A062002F1BC8;
			remoteInfo = datingApp;
		};
/* End PBXContainerItemProxy section */

/* Begin PBXFileReference section */
		0D13A2352C5D11440073DA7A /* ErrorModel.swift */ = {isa = PBXFileReference; lastKnownFileType = sourcecode.swift; path = ErrorModel.swift; sourceTree = "<group>"; };
		0D13A2372C5D12350073DA7A /* Alert.swift */ = {isa = PBXFileReference; lastKnownFileType = sourcecode.swift; path = Alert.swift; sourceTree = "<group>"; };
		0D13A2392C5E5F0E0073DA7A /* SignUpView.swift */ = {isa = PBXFileReference; lastKnownFileType = sourcecode.swift; path = SignUpView.swift; sourceTree = "<group>"; };
		0D13A23B2C60EC6F0073DA7A /* TellUsMoreView.swift */ = {isa = PBXFileReference; lastKnownFileType = sourcecode.swift; path = TellUsMoreView.swift; sourceTree = "<group>"; };
		0D13A23F2C610E400073DA7A /* AgePicker.swift */ = {isa = PBXFileReference; lastKnownFileType = sourcecode.swift; path = AgePicker.swift; sourceTree = "<group>"; };
		0D13A2412C612DC90073DA7A /* ImagePicker.swift */ = {isa = PBXFileReference; lastKnownFileType = sourcecode.swift; path = ImagePicker.swift; sourceTree = "<group>"; };
		0D13A2432C612FF60073DA7A /* ImageGridView.swift */ = {isa = PBXFileReference; lastKnownFileType = sourcecode.swift; path = ImageGridView.swift; sourceTree = "<group>"; };
		0D13A2452C626A190073DA7A /* BasicInfoView.swift */ = {isa = PBXFileReference; lastKnownFileType = sourcecode.swift; path = BasicInfoView.swift; sourceTree = "<group>"; };
		0D13A2472C626A910073DA7A /* AdditionalInfoView.swift */ = {isa = PBXFileReference; lastKnownFileType = sourcecode.swift; path = AdditionalInfoView.swift; sourceTree = "<group>"; };
		0D13A24C2C63B4CC0073DA7A /* Info.plist */ = {isa = PBXFileReference; lastKnownFileType = text.plist; path = Info.plist; sourceTree = "<group>"; };
		0D13A24F2C6667A30073DA7A /* Photo.swift */ = {isa = PBXFileReference; lastKnownFileType = sourcecode.swift; path = Photo.swift; sourceTree = "<group>"; };
		0D301C9F2C48A062002F1BC8 /* datingApp.app */ = {isa = PBXFileReference; explicitFileType = wrapper.application; includeInIndex = 0; path = datingApp.app; sourceTree = BUILT_PRODUCTS_DIR; };
		0D301CA22C48A062002F1BC8 /* datingAppApp.swift */ = {isa = PBXFileReference; lastKnownFileType = sourcecode.swift; path = datingAppApp.swift; sourceTree = "<group>"; };
		0D301CA42C48A062002F1BC8 /* ContentView.swift */ = {isa = PBXFileReference; lastKnownFileType = sourcecode.swift; path = ContentView.swift; sourceTree = "<group>"; };
		0D301CA62C48A064002F1BC8 /* Assets.xcassets */ = {isa = PBXFileReference; lastKnownFileType = folder.assetcatalog; path = Assets.xcassets; sourceTree = "<group>"; };
		0D301CA92C48A064002F1BC8 /* Preview Assets.xcassets */ = {isa = PBXFileReference; lastKnownFileType = folder.assetcatalog; path = "Preview Assets.xcassets"; sourceTree = "<group>"; };
		0D301CAF2C48A064002F1BC8 /* datingAppTests.xctest */ = {isa = PBXFileReference; explicitFileType = wrapper.cfbundle; includeInIndex = 0; path = datingAppTests.xctest; sourceTree = BUILT_PRODUCTS_DIR; };
		0D301CB32C48A064002F1BC8 /* datingAppTests.swift */ = {isa = PBXFileReference; lastKnownFileType = sourcecode.swift; path = datingAppTests.swift; sourceTree = "<group>"; };
		0D301CB92C48A064002F1BC8 /* datingAppUITests.xctest */ = {isa = PBXFileReference; explicitFileType = wrapper.cfbundle; includeInIndex = 0; path = datingAppUITests.xctest; sourceTree = BUILT_PRODUCTS_DIR; };
		0D301CBD2C48A064002F1BC8 /* datingAppUITests.swift */ = {isa = PBXFileReference; lastKnownFileType = sourcecode.swift; path = datingAppUITests.swift; sourceTree = "<group>"; };
		0D301CBF2C48A064002F1BC8 /* datingAppUITestsLaunchTests.swift */ = {isa = PBXFileReference; lastKnownFileType = sourcecode.swift; path = datingAppUITestsLaunchTests.swift; sourceTree = "<group>"; };
		0D301CD52C48A164002F1BC8 /* MainTabView.swift */ = {isa = PBXFileReference; lastKnownFileType = sourcecode.swift; path = MainTabView.swift; sourceTree = "<group>"; };
		0D301CD92C4E8D32002F1BC8 /* CardView.swift */ = {isa = PBXFileReference; lastKnownFileType = sourcecode.swift; path = CardView.swift; sourceTree = "<group>"; };
		0D301CDB2C4E909B002F1BC8 /* UserInfoView.swift */ = {isa = PBXFileReference; lastKnownFileType = sourcecode.swift; path = UserInfoView.swift; sourceTree = "<group>"; };
		0D301CDD2C4E9D50002F1BC8 /* SwipeActionIndicatorView.swift */ = {isa = PBXFileReference; lastKnownFileType = sourcecode.swift; path = SwipeActionIndicatorView.swift; sourceTree = "<group>"; };
		0D301CE02C4EA97A002F1BC8 /* SizeConstants.swift */ = {isa = PBXFileReference; lastKnownFileType = sourcecode.swift; path = SizeConstants.swift; sourceTree = "<group>"; };
		0D301CE32C4F20C9002F1BC8 /* ImageScrollingView.swift */ = {isa = PBXFileReference; lastKnownFileType = sourcecode.swift; path = ImageScrollingView.swift; sourceTree = "<group>"; };
		0D301CE52C4FBEFB002F1BC8 /* CardImageIndicatorView.swift */ = {isa = PBXFileReference; lastKnownFileType = sourcecode.swift; path = CardImageIndicatorView.swift; sourceTree = "<group>"; };
		0D301CE72C4FFC5C002F1BC8 /* CardStackView.swift */ = {isa = PBXFileReference; lastKnownFileType = sourcecode.swift; path = CardStackView.swift; sourceTree = "<group>"; };
		0D301CEB2C4FFE9B002F1BC8 /* User.swift */ = {isa = PBXFileReference; lastKnownFileType = sourcecode.swift; path = User.swift; sourceTree = "<group>"; };
		0D301CEE2C4FFF47002F1BC8 /* CardModel.swift */ = {isa = PBXFileReference; lastKnownFileType = sourcecode.swift; path = CardModel.swift; sourceTree = "<group>"; };
		0D301CF12C4FFFB7002F1BC8 /* CardViewModel.swift */ = {isa = PBXFileReference; lastKnownFileType = sourcecode.swift; path = CardViewModel.swift; sourceTree = "<group>"; };
		0D301CF42C500056002F1BC8 /* CardService.swift */ = {isa = PBXFileReference; lastKnownFileType = sourcecode.swift; path = CardService.swift; sourceTree = "<group>"; };
		0D301CF62C5026B9002F1BC8 /* MockData.swift */ = {isa = PBXFileReference; lastKnownFileType = sourcecode.swift; path = MockData.swift; sourceTree = "<group>"; };
		0D301CF82C514DA1002F1BC8 /* SwipeActionButtonView.swift */ = {isa = PBXFileReference; lastKnownFileType = sourcecode.swift; path = SwipeActionButtonView.swift; sourceTree = "<group>"; };
		0D301CFA2C51525F002F1BC8 /* SwipeAction.swift */ = {isa = PBXFileReference; lastKnownFileType = sourcecode.swift; path = SwipeAction.swift; sourceTree = "<group>"; };
		0DF83CC72C52683D00F8C0A3 /* UserProfileView.swift */ = {isa = PBXFileReference; lastKnownFileType = sourcecode.swift; path = UserProfileView.swift; sourceTree = "<group>"; };
		0DF83CCB2C527CFD00F8C0A3 /* CurrentUserProfileView.swift */ = {isa = PBXFileReference; lastKnownFileType = sourcecode.swift; path = CurrentUserProfileView.swift; sourceTree = "<group>"; };
		0DF83CCD2C527EFC00F8C0A3 /* CurrentUserProfileHeaderView.swift */ = {isa = PBXFileReference; lastKnownFileType = sourcecode.swift; path = CurrentUserProfileHeaderView.swift; sourceTree = "<group>"; };
		0DF83CD02C5287CA00F8C0A3 /* EditProfileView.swift */ = {isa = PBXFileReference; lastKnownFileType = sourcecode.swift; path = EditProfileView.swift; sourceTree = "<group>"; };
		0DF83CD22C528B4E00F8C0A3 /* ProfileGridImageView.swift */ = {isa = PBXFileReference; lastKnownFileType = sourcecode.swift; path = ProfileGridImageView.swift; sourceTree = "<group>"; };
		0DF83CD62C52970100F8C0A3 /* UserMatchView.swift */ = {isa = PBXFileReference; lastKnownFileType = sourcecode.swift; path = UserMatchView.swift; sourceTree = "<group>"; };
		0DF83CD82C52A05A00F8C0A3 /* MatchManager.swift */ = {isa = PBXFileReference; lastKnownFileType = sourcecode.swift; path = MatchManager.swift; sourceTree = "<group>"; };
		0DF83CDE2C52FC1100F8C0A3 /* GoogleService-Info.plist */ = {isa = PBXFileReference; fileEncoding = 4; lastKnownFileType = text.plist.xml; path = "GoogleService-Info.plist"; sourceTree = "<group>"; };
		0DF83CF62C53EDA700F8C0A3 /* ImageLoader.swift */ = {isa = PBXFileReference; lastKnownFileType = sourcecode.swift; path = ImageLoader.swift; sourceTree = "<group>"; };
		0DF83CFA2C5470E500F8C0A3 /* AuthService.swift */ = {isa = PBXFileReference; lastKnownFileType = sourcecode.swift; path = AuthService.swift; sourceTree = "<group>"; };
		0DF83D032C58E58500F8C0A3 /* LoginView.swift */ = {isa = PBXFileReference; lastKnownFileType = sourcecode.swift; path = LoginView.swift; sourceTree = "<group>"; };
		0DF83D0B2C59180200F8C0A3 /* HeadlineTextView.swift */ = {isa = PBXFileReference; lastKnownFileType = sourcecode.swift; path = HeadlineTextView.swift; sourceTree = "<group>"; };
		0DF83D102C5A54EE00F8C0A3 /* UserAuthModel.swift */ = {isa = PBXFileReference; lastKnownFileType = sourcecode.swift; path = UserAuthModel.swift; sourceTree = "<group>"; };
/* End PBXFileReference section */

/* Begin PBXFrameworksBuildPhase section */
		0D301C9C2C48A062002F1BC8 /* Frameworks */ = {
			isa = PBXFrameworksBuildPhase;
			buildActionMask = 2147483647;
			files = (
				0DF83CE92C52FDDD00F8C0A3 /* FirebaseDatabaseSwift in Frameworks */,
				0DF83CEB2C52FDEC00F8C0A3 /* FirebaseFirestore in Frameworks */,
				0DF83CF12C52FDFE00F8C0A3 /* FirebaseMessaging in Frameworks */,
				0DF83CE72C52FDDD00F8C0A3 /* FirebaseDatabase in Frameworks */,
				0DF83CF32C52FE3D00F8C0A3 /* FirebaseAnalyticsSwift in Frameworks */,
				0DF83CED2C52FDEC00F8C0A3 /* FirebaseFirestoreCombine-Community in Frameworks */,
				0DF83CE52C52FDD200F8C0A3 /* FirebaseAuth in Frameworks */,
				0DF83CEF2C52FDEC00F8C0A3 /* FirebaseFirestoreSwift in Frameworks */,
				0D13A24E2C63B4E00073DA7A /* FirebaseStorage in Frameworks */,
				0D5E080F2C6A0A4C00D60231 /* Alamofire in Frameworks */,
				0DF83CF52C52FE4100F8C0A3 /* FirebaseAnalytics in Frameworks */,
				0DF83CFF2C5475AE00F8C0A3 /* FirebaseAuthCombine-Community in Frameworks */,
			);
			runOnlyForDeploymentPostprocessing = 0;
		};
		0D301CAC2C48A064002F1BC8 /* Frameworks */ = {
			isa = PBXFrameworksBuildPhase;
			buildActionMask = 2147483647;
			files = (
			);
			runOnlyForDeploymentPostprocessing = 0;
		};
		0D301CB62C48A064002F1BC8 /* Frameworks */ = {
			isa = PBXFrameworksBuildPhase;
			buildActionMask = 2147483647;
			files = (
			);
			runOnlyForDeploymentPostprocessing = 0;
		};
/* End PBXFrameworksBuildPhase section */

/* Begin PBXGroup section */
		0D13A2332C5D11110073DA7A /* Utilities */ = {
			isa = PBXGroup;
			children = (
				0D13A2342C5D111A0073DA7A /* Alerts */,
			);
			path = Utilities;
			sourceTree = "<group>";
		};
		0D13A2342C5D111A0073DA7A /* Alerts */ = {
			isa = PBXGroup;
			children = (
				0D13A2352C5D11440073DA7A /* ErrorModel.swift */,
				0D13A2372C5D12350073DA7A /* Alert.swift */,
			);
			path = Alerts;
			sourceTree = "<group>";
		};
		0D13A23D2C610E100073DA7A /* Components */ = {
			isa = PBXGroup;
			children = (
				0D13A23E2C610E210073DA7A /* Picker */,
			);
			path = Components;
			sourceTree = "<group>";
		};
		0D13A23E2C610E210073DA7A /* Picker */ = {
			isa = PBXGroup;
			children = (
				0D13A23F2C610E400073DA7A /* AgePicker.swift */,
				0D13A2412C612DC90073DA7A /* ImagePicker.swift */,
				0D13A24F2C6667A30073DA7A /* Photo.swift */,
			);
			path = Picker;
			sourceTree = "<group>";
		};
		0D301C962C48A062002F1BC8 = {
			isa = PBXGroup;
			children = (
				0D301CA12C48A062002F1BC8 /* datingApp */,
				0D301CB22C48A064002F1BC8 /* datingAppTests */,
				0D301CBC2C48A064002F1BC8 /* datingAppUITests */,
				0D301CA02C48A062002F1BC8 /* Products */,
				0DF83CE32C52FDD200F8C0A3 /* Frameworks */,
			);
			sourceTree = "<group>";
		};
		0D301CA02C48A062002F1BC8 /* Products */ = {
			isa = PBXGroup;
			children = (
				0D301C9F2C48A062002F1BC8 /* datingApp.app */,
				0D301CAF2C48A064002F1BC8 /* datingAppTests.xctest */,
				0D301CB92C48A064002F1BC8 /* datingAppUITests.xctest */,
			);
			name = Products;
			sourceTree = "<group>";
		};
		0D301CA12C48A062002F1BC8 /* datingApp */ = {
			isa = PBXGroup;
			children = (
				0D13A24C2C63B4CC0073DA7A /* Info.plist */,
				0D13A2332C5D11110073DA7A /* Utilities */,
				0D301CD72C4E8AE4002F1BC8 /* Shared */,
				0D301CCC2C48A0BA002F1BC8 /* App */,
				0D301CA42C48A062002F1BC8 /* ContentView.swift */,
				0DF83CDE2C52FC1100F8C0A3 /* GoogleService-Info.plist */,
				0D301CCE2C48A0E5002F1BC8 /* Extensions */,
				0D301CCD2C48A0D8002F1BC8 /* Core */,
				0D301CA62C48A064002F1BC8 /* Assets.xcassets */,
				0D301CCF2C48A0EC002F1BC8 /* Utils */,
				0D301CA82C48A064002F1BC8 /* Preview Content */,
			);
			path = datingApp;
			sourceTree = "<group>";
		};
		0D301CA82C48A064002F1BC8 /* Preview Content */ = {
			isa = PBXGroup;
			children = (
				0D301CA92C48A064002F1BC8 /* Preview Assets.xcassets */,
			);
			path = "Preview Content";
			sourceTree = "<group>";
		};
		0D301CB22C48A064002F1BC8 /* datingAppTests */ = {
			isa = PBXGroup;
			children = (
				0D301CB32C48A064002F1BC8 /* datingAppTests.swift */,
			);
			path = datingAppTests;
			sourceTree = "<group>";
		};
		0D301CBC2C48A064002F1BC8 /* datingAppUITests */ = {
			isa = PBXGroup;
			children = (
				0D301CBD2C48A064002F1BC8 /* datingAppUITests.swift */,
				0D301CBF2C48A064002F1BC8 /* datingAppUITestsLaunchTests.swift */,
			);
			path = datingAppUITests;
			sourceTree = "<group>";
		};
		0D301CCC2C48A0BA002F1BC8 /* App */ = {
			isa = PBXGroup;
			children = (
				0D13A23D2C610E100073DA7A /* Components */,
				0D301CA22C48A062002F1BC8 /* datingAppApp.swift */,
			);
			path = App;
			sourceTree = "<group>";
		};
		0D301CCD2C48A0D8002F1BC8 /* Core */ = {
			isa = PBXGroup;
			children = (
				0DF83D002C58E44300F8C0A3 /* Auth */,
				0DF83CD42C5296CF00F8C0A3 /* Matches */,
				0D301CD42C48A13D002F1BC8 /* Messaging */,
				0D301CD32C48A136002F1BC8 /* Cards */,
				0D301CD22C48A12B002F1BC8 /* Profile */,
				0D301CD12C48A122002F1BC8 /* Search */,
				0D301CD02C48A117002F1BC8 /* Tab */,
			);
			path = Core;
			sourceTree = "<group>";
		};
		0D301CCE2C48A0E5002F1BC8 /* Extensions */ = {
			isa = PBXGroup;
			children = (
				0D301CDF2C4EA963002F1BC8 /* Constants */,
			);
			path = Extensions;
			sourceTree = "<group>";
		};
		0D301CCF2C48A0EC002F1BC8 /* Utils */ = {
			isa = PBXGroup;
			children = (
				0D301CF62C5026B9002F1BC8 /* MockData.swift */,
			);
			path = Utils;
			sourceTree = "<group>";
		};
		0D301CD02C48A117002F1BC8 /* Tab */ = {
			isa = PBXGroup;
			children = (
				0D301CD52C48A164002F1BC8 /* MainTabView.swift */,
			);
			path = Tab;
			sourceTree = "<group>";
		};
		0D301CD12C48A122002F1BC8 /* Search */ = {
			isa = PBXGroup;
			children = (
			);
			path = Search;
			sourceTree = "<group>";
		};
		0D301CD22C48A12B002F1BC8 /* Profile */ = {
			isa = PBXGroup;
			children = (
				0DF83CCA2C527CE900F8C0A3 /* CurrentUserProfile */,
				0DF83CC92C527CD600F8C0A3 /* UserProfile */,
			);
			path = Profile;
			sourceTree = "<group>";
		};
		0D301CD32C48A136002F1BC8 /* Cards */ = {
			isa = PBXGroup;
			children = (
				0D301CF32C50003E002F1BC8 /* Service */,
				0D301CF02C4FFFA4002F1BC8 /* ViewModel */,
				0D301CED2C4FFF37002F1BC8 /* Model */,
				0D301CD82C4E8D13002F1BC8 /* Views */,
			);
			path = Cards;
			sourceTree = "<group>";
		};
		0D301CD42C48A13D002F1BC8 /* Messaging */ = {
			isa = PBXGroup;
			children = (
			);
			path = Messaging;
			sourceTree = "<group>";
		};
		0D301CD72C4E8AE4002F1BC8 /* Shared */ = {
			isa = PBXGroup;
			children = (
				0D301CE92C4FFE7D002F1BC8 /* Users */,
			);
			path = Shared;
			sourceTree = "<group>";
		};
		0D301CD82C4E8D13002F1BC8 /* Views */ = {
			isa = PBXGroup;
			children = (
				0D301CD92C4E8D32002F1BC8 /* CardView.swift */,
				0D301CDB2C4E909B002F1BC8 /* UserInfoView.swift */,
				0D301CDD2C4E9D50002F1BC8 /* SwipeActionIndicatorView.swift */,
				0D301CE32C4F20C9002F1BC8 /* ImageScrollingView.swift */,
				0D301CE52C4FBEFB002F1BC8 /* CardImageIndicatorView.swift */,
				0D301CE72C4FFC5C002F1BC8 /* CardStackView.swift */,
				0D301CF82C514DA1002F1BC8 /* SwipeActionButtonView.swift */,
			);
			path = Views;
			sourceTree = "<group>";
		};
		0D301CDF2C4EA963002F1BC8 /* Constants */ = {
			isa = PBXGroup;
			children = (
				0D301CE02C4EA97A002F1BC8 /* SizeConstants.swift */,
			);
			path = Constants;
			sourceTree = "<group>";
		};
		0D301CE92C4FFE7D002F1BC8 /* Users */ = {
			isa = PBXGroup;
			children = (
				0D301CEA2C4FFE87002F1BC8 /* Model */,
			);
			path = Users;
			sourceTree = "<group>";
		};
		0D301CEA2C4FFE87002F1BC8 /* Model */ = {
			isa = PBXGroup;
			children = (
				0D301CEB2C4FFE9B002F1BC8 /* User.swift */,
			);
			path = Model;
			sourceTree = "<group>";
		};
		0D301CED2C4FFF37002F1BC8 /* Model */ = {
			isa = PBXGroup;
			children = (
				0D301CEE2C4FFF47002F1BC8 /* CardModel.swift */,
				0D301CFA2C51525F002F1BC8 /* SwipeAction.swift */,
			);
			path = Model;
			sourceTree = "<group>";
		};
		0D301CF02C4FFFA4002F1BC8 /* ViewModel */ = {
			isa = PBXGroup;
			children = (
				0D301CF12C4FFFB7002F1BC8 /* CardViewModel.swift */,
			);
			path = ViewModel;
			sourceTree = "<group>";
		};
		0D301CF32C50003E002F1BC8 /* Service */ = {
			isa = PBXGroup;
			children = (
				0D301CF42C500056002F1BC8 /* CardService.swift */,
				0DF83CF62C53EDA700F8C0A3 /* ImageLoader.swift */,
			);
			path = Service;
			sourceTree = "<group>";
		};
		0DF83CC92C527CD600F8C0A3 /* UserProfile */ = {
			isa = PBXGroup;
			children = (
				0DF83CC72C52683D00F8C0A3 /* UserProfileView.swift */,
			);
			path = UserProfile;
			sourceTree = "<group>";
		};
		0DF83CCA2C527CE900F8C0A3 /* CurrentUserProfile */ = {
			isa = PBXGroup;
			children = (
				0DF83CCF2C5287B500F8C0A3 /* EditProfile */,
				0DF83CCB2C527CFD00F8C0A3 /* CurrentUserProfileView.swift */,
				0DF83CCD2C527EFC00F8C0A3 /* CurrentUserProfileHeaderView.swift */,
			);
			path = CurrentUserProfile;
			sourceTree = "<group>";
		};
		0DF83CCF2C5287B500F8C0A3 /* EditProfile */ = {
			isa = PBXGroup;
			children = (
				0DF83CD02C5287CA00F8C0A3 /* EditProfileView.swift */,
				0DF83CD22C528B4E00F8C0A3 /* ProfileGridImageView.swift */,
			);
			path = EditProfile;
			sourceTree = "<group>";
		};
		0DF83CD42C5296CF00F8C0A3 /* Matches */ = {
			isa = PBXGroup;
			children = (
				0DF83CD52C5296F000F8C0A3 /* View */,
				0DF83CD82C52A05A00F8C0A3 /* MatchManager.swift */,
			);
			path = Matches;
			sourceTree = "<group>";
		};
		0DF83CD52C5296F000F8C0A3 /* View */ = {
			isa = PBXGroup;
			children = (
				0DF83CD62C52970100F8C0A3 /* UserMatchView.swift */,
			);
			path = View;
			sourceTree = "<group>";
		};
		0DF83CE32C52FDD200F8C0A3 /* Frameworks */ = {
			isa = PBXGroup;
			children = (
			);
			name = Frameworks;
			sourceTree = "<group>";
		};
		0DF83D002C58E44300F8C0A3 /* Auth */ = {
			isa = PBXGroup;
			children = (
				0DF83D0F2C5A54D300F8C0A3 /* Model */,
				0DF83D022C58E57600F8C0A3 /* Views */,
				0DF83D012C58E4C900F8C0A3 /* Service */,
			);
			path = Auth;
			sourceTree = "<group>";
		};
		0DF83D012C58E4C900F8C0A3 /* Service */ = {
			isa = PBXGroup;
			children = (
				0DF83CFA2C5470E500F8C0A3 /* AuthService.swift */,
			);
			path = Service;
			sourceTree = "<group>";
		};
		0DF83D022C58E57600F8C0A3 /* Views */ = {
			isa = PBXGroup;
			children = (
				0DF83D032C58E58500F8C0A3 /* LoginView.swift */,
				0DF83D0B2C59180200F8C0A3 /* HeadlineTextView.swift */,
				0D13A2392C5E5F0E0073DA7A /* SignUpView.swift */,
				0D13A23B2C60EC6F0073DA7A /* TellUsMoreView.swift */,
				0D13A2432C612FF60073DA7A /* ImageGridView.swift */,
				0D13A2452C626A190073DA7A /* BasicInfoView.swift */,
				0D13A2472C626A910073DA7A /* AdditionalInfoView.swift */,
			);
			path = Views;
			sourceTree = "<group>";
		};
		0DF83D0F2C5A54D300F8C0A3 /* Model */ = {
			isa = PBXGroup;
			children = (
				0DF83D102C5A54EE00F8C0A3 /* UserAuthModel.swift */,
			);
			path = Model;
			sourceTree = "<group>";
		};
/* End PBXGroup section */

/* Begin PBXNativeTarget section */
		0D301C9E2C48A062002F1BC8 /* datingApp */ = {
			isa = PBXNativeTarget;
			buildConfigurationList = 0D301CC32C48A064002F1BC8 /* Build configuration list for PBXNativeTarget "datingApp" */;
			buildPhases = (
				0D301C9B2C48A062002F1BC8 /* Sources */,
				0D301C9C2C48A062002F1BC8 /* Frameworks */,
				0D301C9D2C48A062002F1BC8 /* Resources */,
			);
			buildRules = (
			);
			dependencies = (
			);
			name = datingApp;
			packageProductDependencies = (
				0DF83CE42C52FDD200F8C0A3 /* FirebaseAuth */,
				0DF83CE62C52FDDD00F8C0A3 /* FirebaseDatabase */,
				0DF83CE82C52FDDD00F8C0A3 /* FirebaseDatabaseSwift */,
				0DF83CEA2C52FDEC00F8C0A3 /* FirebaseFirestore */,
				0DF83CEC2C52FDEC00F8C0A3 /* FirebaseFirestoreCombine-Community */,
				0DF83CEE2C52FDEC00F8C0A3 /* FirebaseFirestoreSwift */,
				0DF83CF02C52FDFE00F8C0A3 /* FirebaseMessaging */,
				0DF83CF22C52FE3D00F8C0A3 /* FirebaseAnalyticsSwift */,
				0DF83CF42C52FE4100F8C0A3 /* FirebaseAnalytics */,
				0DF83CFE2C5475AE00F8C0A3 /* FirebaseAuthCombine-Community */,
				0D13A24D2C63B4E00073DA7A /* FirebaseStorage */,
				0D5E080E2C6A0A4C00D60231 /* Alamofire */,
			);
			productName = datingApp;
			productReference = 0D301C9F2C48A062002F1BC8 /* datingApp.app */;
			productType = "com.apple.product-type.application";
		};
		0D301CAE2C48A064002F1BC8 /* datingAppTests */ = {
			isa = PBXNativeTarget;
			buildConfigurationList = 0D301CC62C48A064002F1BC8 /* Build configuration list for PBXNativeTarget "datingAppTests" */;
			buildPhases = (
				0D301CAB2C48A064002F1BC8 /* Sources */,
				0D301CAC2C48A064002F1BC8 /* Frameworks */,
				0D301CAD2C48A064002F1BC8 /* Resources */,
			);
			buildRules = (
			);
			dependencies = (
				0D301CB12C48A064002F1BC8 /* PBXTargetDependency */,
			);
			name = datingAppTests;
			productName = datingAppTests;
			productReference = 0D301CAF2C48A064002F1BC8 /* datingAppTests.xctest */;
			productType = "com.apple.product-type.bundle.unit-test";
		};
		0D301CB82C48A064002F1BC8 /* datingAppUITests */ = {
			isa = PBXNativeTarget;
			buildConfigurationList = 0D301CC92C48A064002F1BC8 /* Build configuration list for PBXNativeTarget "datingAppUITests" */;
			buildPhases = (
				0D301CB52C48A064002F1BC8 /* Sources */,
				0D301CB62C48A064002F1BC8 /* Frameworks */,
				0D301CB72C48A064002F1BC8 /* Resources */,
			);
			buildRules = (
			);
			dependencies = (
				0D301CBB2C48A064002F1BC8 /* PBXTargetDependency */,
			);
			name = datingAppUITests;
			productName = datingAppUITests;
			productReference = 0D301CB92C48A064002F1BC8 /* datingAppUITests.xctest */;
			productType = "com.apple.product-type.bundle.ui-testing";
		};
/* End PBXNativeTarget section */

/* Begin PBXProject section */
		0D301C972C48A062002F1BC8 /* Project object */ = {
			isa = PBXProject;
			attributes = {
				BuildIndependentTargetsInParallel = 1;
				LastSwiftUpdateCheck = 1530;
				LastUpgradeCheck = 1530;
				TargetAttributes = {
					0D301C9E2C48A062002F1BC8 = {
						CreatedOnToolsVersion = 15.3;
					};
					0D301CAE2C48A064002F1BC8 = {
						CreatedOnToolsVersion = 15.3;
						TestTargetID = 0D301C9E2C48A062002F1BC8;
					};
					0D301CB82C48A064002F1BC8 = {
						CreatedOnToolsVersion = 15.3;
						TestTargetID = 0D301C9E2C48A062002F1BC8;
					};
				};
			};
			buildConfigurationList = 0D301C9A2C48A062002F1BC8 /* Build configuration list for PBXProject "datingApp" */;
			compatibilityVersion = "Xcode 14.0";
			developmentRegion = en;
			hasScannedForEncodings = 0;
			knownRegions = (
				en,
				Base,
			);
			mainGroup = 0D301C962C48A062002F1BC8;
			packageReferences = (
				0DF83CE22C52FCFD00F8C0A3 /* XCRemoteSwiftPackageReference "firebase-ios-sdk" */,
				0D5E080D2C6A0A2000D60231 /* XCRemoteSwiftPackageReference "Alamofire" */,
			);
			productRefGroup = 0D301CA02C48A062002F1BC8 /* Products */;
			projectDirPath = "";
			projectRoot = "";
			targets = (
				0D301C9E2C48A062002F1BC8 /* datingApp */,
				0D301CAE2C48A064002F1BC8 /* datingAppTests */,
				0D301CB82C48A064002F1BC8 /* datingAppUITests */,
			);
		};
/* End PBXProject section */

/* Begin PBXResourcesBuildPhase section */
		0D301C9D2C48A062002F1BC8 /* Resources */ = {
			isa = PBXResourcesBuildPhase;
			buildActionMask = 2147483647;
			files = (
				0D301CAA2C48A064002F1BC8 /* Preview Assets.xcassets in Resources */,
				0DF83CDF2C52FC1100F8C0A3 /* GoogleService-Info.plist in Resources */,
				0D301CA72C48A064002F1BC8 /* Assets.xcassets in Resources */,
			);
			runOnlyForDeploymentPostprocessing = 0;
		};
		0D301CAD2C48A064002F1BC8 /* Resources */ = {
			isa = PBXResourcesBuildPhase;
			buildActionMask = 2147483647;
			files = (
				0DF83CE02C52FC1100F8C0A3 /* GoogleService-Info.plist in Resources */,
			);
			runOnlyForDeploymentPostprocessing = 0;
		};
		0D301CB72C48A064002F1BC8 /* Resources */ = {
			isa = PBXResourcesBuildPhase;
			buildActionMask = 2147483647;
			files = (
				0DF83CE12C52FC1100F8C0A3 /* GoogleService-Info.plist in Resources */,
			);
			runOnlyForDeploymentPostprocessing = 0;
		};
/* End PBXResourcesBuildPhase section */

/* Begin PBXSourcesBuildPhase section */
		0D301C9B2C48A062002F1BC8 /* Sources */ = {
			isa = PBXSourcesBuildPhase;
			buildActionMask = 2147483647;
			files = (
				0D13A23C2C60EC6F0073DA7A /* TellUsMoreView.swift in Sources */,
				0D13A2362C5D11440073DA7A /* ErrorModel.swift in Sources */,
				0DF83CD12C5287CA00F8C0A3 /* EditProfileView.swift in Sources */,
				0D301CA52C48A062002F1BC8 /* ContentView.swift in Sources */,
				0DF83CCC2C527CFD00F8C0A3 /* CurrentUserProfileView.swift in Sources */,
				0DF83CC82C52683D00F8C0A3 /* UserProfileView.swift in Sources */,
				0D13A2502C6667A30073DA7A /* Photo.swift in Sources */,
				0D301CF52C500056002F1BC8 /* CardService.swift in Sources */,
				0DF83CCE2C527EFC00F8C0A3 /* CurrentUserProfileHeaderView.swift in Sources */,
				0D301CDE2C4E9D50002F1BC8 /* SwipeActionIndicatorView.swift in Sources */,
				0D301CF92C514DA1002F1BC8 /* SwipeActionButtonView.swift in Sources */,
				0D13A2462C626A190073DA7A /* BasicInfoView.swift in Sources */,
				0D301CA32C48A062002F1BC8 /* datingAppApp.swift in Sources */,
				0D301CFB2C51525F002F1BC8 /* SwipeAction.swift in Sources */,
				0D301CF72C5026B9002F1BC8 /* MockData.swift in Sources */,
				0D301CDA2C4E8D32002F1BC8 /* CardView.swift in Sources */,
				0D301CE62C4FBEFB002F1BC8 /* CardImageIndicatorView.swift in Sources */,
				0DF83CD92C52A05A00F8C0A3 /* MatchManager.swift in Sources */,
				0DF83CD72C52970100F8C0A3 /* UserMatchView.swift in Sources */,
				0D13A2422C612DC90073DA7A /* ImagePicker.swift in Sources */,
				0D301CEF2C4FFF47002F1BC8 /* CardModel.swift in Sources */,
				0D301CE82C4FFC5C002F1BC8 /* CardStackView.swift in Sources */,
				0DF83CF72C53EDA700F8C0A3 /* ImageLoader.swift in Sources */,
				0D301CE12C4EA97A002F1BC8 /* SizeConstants.swift in Sources */,
				0DF83D0C2C59180200F8C0A3 /* HeadlineTextView.swift in Sources */,
				0DF83CFB2C5470E500F8C0A3 /* AuthService.swift in Sources */,
				0DF83D112C5A54EE00F8C0A3 /* UserAuthModel.swift in Sources */,
				0D301CF22C4FFFB7002F1BC8 /* CardViewModel.swift in Sources */,
				0D13A2382C5D12350073DA7A /* Alert.swift in Sources */,
				0DF83D042C58E58500F8C0A3 /* LoginView.swift in Sources */,
				0D301CD62C48A164002F1BC8 /* MainTabView.swift in Sources */,
				0D301CE42C4F20C9002F1BC8 /* ImageScrollingView.swift in Sources */,
				0D13A2442C612FF60073DA7A /* ImageGridView.swift in Sources */,
				0D13A2402C610E400073DA7A /* AgePicker.swift in Sources */,
				0D13A23A2C5E5F0E0073DA7A /* SignUpView.swift in Sources */,
				0D301CDC2C4E909B002F1BC8 /* UserInfoView.swift in Sources */,
				0DF83CD32C528B4E00F8C0A3 /* ProfileGridImageView.swift in Sources */,
				0D13A2482C626A910073DA7A /* AdditionalInfoView.swift in Sources */,
				0D301CEC2C4FFE9B002F1BC8 /* User.swift in Sources */,
			);
			runOnlyForDeploymentPostprocessing = 0;
		};
		0D301CAB2C48A064002F1BC8 /* Sources */ = {
			isa = PBXSourcesBuildPhase;
			buildActionMask = 2147483647;
			files = (
				0DF83CFC2C5470E500F8C0A3 /* AuthService.swift in Sources */,
				0DF83D0D2C59180200F8C0A3 /* HeadlineTextView.swift in Sources */,
				0DF83D122C5A54EE00F8C0A3 /* UserAuthModel.swift in Sources */,
				0DF83CF82C53EDA700F8C0A3 /* ImageLoader.swift in Sources */,
				0DF83D052C58E58500F8C0A3 /* LoginView.swift in Sources */,
				0D301CB42C48A064002F1BC8 /* datingAppTests.swift in Sources */,
			);
			runOnlyForDeploymentPostprocessing = 0;
		};
		0D301CB52C48A064002F1BC8 /* Sources */ = {
			isa = PBXSourcesBuildPhase;
			buildActionMask = 2147483647;
			files = (
				0D301CBE2C48A064002F1BC8 /* datingAppUITests.swift in Sources */,
				0DF83D0E2C59180200F8C0A3 /* HeadlineTextView.swift in Sources */,
				0D301CC02C48A064002F1BC8 /* datingAppUITestsLaunchTests.swift in Sources */,
				0DF83CF92C53EDA700F8C0A3 /* ImageLoader.swift in Sources */,
				0DF83D062C58E58500F8C0A3 /* LoginView.swift in Sources */,
				0DF83D132C5A54EE00F8C0A3 /* UserAuthModel.swift in Sources */,
				0DF83CFD2C5470E500F8C0A3 /* AuthService.swift in Sources */,
			);
			runOnlyForDeploymentPostprocessing = 0;
		};
/* End PBXSourcesBuildPhase section */

/* Begin PBXTargetDependency section */
		0D301CB12C48A064002F1BC8 /* PBXTargetDependency */ = {
			isa = PBXTargetDependency;
			target = 0D301C9E2C48A062002F1BC8 /* datingApp */;
			targetProxy = 0D301CB02C48A064002F1BC8 /* PBXContainerItemProxy */;
		};
		0D301CBB2C48A064002F1BC8 /* PBXTargetDependency */ = {
			isa = PBXTargetDependency;
			target = 0D301C9E2C48A062002F1BC8 /* datingApp */;
			targetProxy = 0D301CBA2C48A064002F1BC8 /* PBXContainerItemProxy */;
		};
/* End PBXTargetDependency section */

/* Begin XCBuildConfiguration section */
		0D301CC12C48A064002F1BC8 /* Debug */ = {
			isa = XCBuildConfiguration;
			buildSettings = {
				ALWAYS_SEARCH_USER_PATHS = NO;
				ASSETCATALOG_COMPILER_GENERATE_SWIFT_ASSET_SYMBOL_EXTENSIONS = YES;
				CLANG_ANALYZER_NONNULL = YES;
				CLANG_ANALYZER_NUMBER_OBJECT_CONVERSION = YES_AGGRESSIVE;
				CLANG_CXX_LANGUAGE_STANDARD = "gnu++20";
				CLANG_ENABLE_MODULES = YES;
				CLANG_ENABLE_OBJC_ARC = YES;
				CLANG_ENABLE_OBJC_WEAK = YES;
				CLANG_WARN_BLOCK_CAPTURE_AUTORELEASING = YES;
				CLANG_WARN_BOOL_CONVERSION = YES;
				CLANG_WARN_COMMA = YES;
				CLANG_WARN_CONSTANT_CONVERSION = YES;
				CLANG_WARN_DEPRECATED_OBJC_IMPLEMENTATIONS = YES;
				CLANG_WARN_DIRECT_OBJC_ISA_USAGE = YES_ERROR;
				CLANG_WARN_DOCUMENTATION_COMMENTS = YES;
				CLANG_WARN_EMPTY_BODY = YES;
				CLANG_WARN_ENUM_CONVERSION = YES;
				CLANG_WARN_INFINITE_RECURSION = YES;
				CLANG_WARN_INT_CONVERSION = YES;
				CLANG_WARN_NON_LITERAL_NULL_CONVERSION = YES;
				CLANG_WARN_OBJC_IMPLICIT_RETAIN_SELF = YES;
				CLANG_WARN_OBJC_LITERAL_CONVERSION = YES;
				CLANG_WARN_OBJC_ROOT_CLASS = YES_ERROR;
				CLANG_WARN_QUOTED_INCLUDE_IN_FRAMEWORK_HEADER = YES;
				CLANG_WARN_RANGE_LOOP_ANALYSIS = YES;
				CLANG_WARN_STRICT_PROTOTYPES = YES;
				CLANG_WARN_SUSPICIOUS_MOVE = YES;
				CLANG_WARN_UNGUARDED_AVAILABILITY = YES_AGGRESSIVE;
				CLANG_WARN_UNREACHABLE_CODE = YES;
				CLANG_WARN__DUPLICATE_METHOD_MATCH = YES;
				COPY_PHASE_STRIP = NO;
				DEBUG_INFORMATION_FORMAT = dwarf;
				ENABLE_STRICT_OBJC_MSGSEND = YES;
				ENABLE_TESTABILITY = YES;
				ENABLE_USER_SCRIPT_SANDBOXING = YES;
				GCC_C_LANGUAGE_STANDARD = gnu17;
				GCC_DYNAMIC_NO_PIC = NO;
				GCC_NO_COMMON_BLOCKS = YES;
				GCC_OPTIMIZATION_LEVEL = 0;
				GCC_PREPROCESSOR_DEFINITIONS = (
					"DEBUG=1",
					"$(inherited)",
				);
				GCC_WARN_64_TO_32_BIT_CONVERSION = YES;
				GCC_WARN_ABOUT_RETURN_TYPE = YES_ERROR;
				GCC_WARN_UNDECLARED_SELECTOR = YES;
				GCC_WARN_UNINITIALIZED_AUTOS = YES_AGGRESSIVE;
				GCC_WARN_UNUSED_FUNCTION = YES;
				GCC_WARN_UNUSED_VARIABLE = YES;
				IPHONEOS_DEPLOYMENT_TARGET = 17.4;
				LOCALIZATION_PREFERS_STRING_CATALOGS = YES;
				MTL_ENABLE_DEBUG_INFO = INCLUDE_SOURCE;
				MTL_FAST_MATH = YES;
				ONLY_ACTIVE_ARCH = YES;
				SDKROOT = iphoneos;
				SWIFT_ACTIVE_COMPILATION_CONDITIONS = "DEBUG $(inherited)";
				SWIFT_OPTIMIZATION_LEVEL = "-Onone";
			};
			name = Debug;
		};
		0D301CC22C48A064002F1BC8 /* Release */ = {
			isa = XCBuildConfiguration;
			buildSettings = {
				ALWAYS_SEARCH_USER_PATHS = NO;
				ASSETCATALOG_COMPILER_GENERATE_SWIFT_ASSET_SYMBOL_EXTENSIONS = YES;
				CLANG_ANALYZER_NONNULL = YES;
				CLANG_ANALYZER_NUMBER_OBJECT_CONVERSION = YES_AGGRESSIVE;
				CLANG_CXX_LANGUAGE_STANDARD = "gnu++20";
				CLANG_ENABLE_MODULES = YES;
				CLANG_ENABLE_OBJC_ARC = YES;
				CLANG_ENABLE_OBJC_WEAK = YES;
				CLANG_WARN_BLOCK_CAPTURE_AUTORELEASING = YES;
				CLANG_WARN_BOOL_CONVERSION = YES;
				CLANG_WARN_COMMA = YES;
				CLANG_WARN_CONSTANT_CONVERSION = YES;
				CLANG_WARN_DEPRECATED_OBJC_IMPLEMENTATIONS = YES;
				CLANG_WARN_DIRECT_OBJC_ISA_USAGE = YES_ERROR;
				CLANG_WARN_DOCUMENTATION_COMMENTS = YES;
				CLANG_WARN_EMPTY_BODY = YES;
				CLANG_WARN_ENUM_CONVERSION = YES;
				CLANG_WARN_INFINITE_RECURSION = YES;
				CLANG_WARN_INT_CONVERSION = YES;
				CLANG_WARN_NON_LITERAL_NULL_CONVERSION = YES;
				CLANG_WARN_OBJC_IMPLICIT_RETAIN_SELF = YES;
				CLANG_WARN_OBJC_LITERAL_CONVERSION = YES;
				CLANG_WARN_OBJC_ROOT_CLASS = YES_ERROR;
				CLANG_WARN_QUOTED_INCLUDE_IN_FRAMEWORK_HEADER = YES;
				CLANG_WARN_RANGE_LOOP_ANALYSIS = YES;
				CLANG_WARN_STRICT_PROTOTYPES = YES;
				CLANG_WARN_SUSPICIOUS_MOVE = YES;
				CLANG_WARN_UNGUARDED_AVAILABILITY = YES_AGGRESSIVE;
				CLANG_WARN_UNREACHABLE_CODE = YES;
				CLANG_WARN__DUPLICATE_METHOD_MATCH = YES;
				COPY_PHASE_STRIP = NO;
				DEBUG_INFORMATION_FORMAT = "dwarf-with-dsym";
				ENABLE_NS_ASSERTIONS = NO;
				ENABLE_STRICT_OBJC_MSGSEND = YES;
				ENABLE_USER_SCRIPT_SANDBOXING = YES;
				GCC_C_LANGUAGE_STANDARD = gnu17;
				GCC_NO_COMMON_BLOCKS = YES;
				GCC_WARN_64_TO_32_BIT_CONVERSION = YES;
				GCC_WARN_ABOUT_RETURN_TYPE = YES_ERROR;
				GCC_WARN_UNDECLARED_SELECTOR = YES;
				GCC_WARN_UNINITIALIZED_AUTOS = YES_AGGRESSIVE;
				GCC_WARN_UNUSED_FUNCTION = YES;
				GCC_WARN_UNUSED_VARIABLE = YES;
				IPHONEOS_DEPLOYMENT_TARGET = 17.4;
				LOCALIZATION_PREFERS_STRING_CATALOGS = YES;
				MTL_ENABLE_DEBUG_INFO = NO;
				MTL_FAST_MATH = YES;
				SDKROOT = iphoneos;
				SWIFT_COMPILATION_MODE = wholemodule;
				VALIDATE_PRODUCT = YES;
			};
			name = Release;
		};
		0D301CC42C48A064002F1BC8 /* Debug */ = {
			isa = XCBuildConfiguration;
			buildSettings = {
				ASSETCATALOG_COMPILER_APPICON_NAME = AppIcon;
				ASSETCATALOG_COMPILER_GLOBAL_ACCENT_COLOR_NAME = AccentColor;
				CODE_SIGN_STYLE = Automatic;
				CURRENT_PROJECT_VERSION = 1;
				DEVELOPMENT_ASSET_PATHS = "\"datingApp/Preview Content\"";
				ENABLE_PREVIEWS = YES;
				GENERATE_INFOPLIST_FILE = YES;
				INFOPLIST_FILE = datingApp/Info.plist;
				INFOPLIST_KEY_UIApplicationSceneManifest_Generation = YES;
				INFOPLIST_KEY_UIApplicationSupportsIndirectInputEvents = YES;
				INFOPLIST_KEY_UILaunchScreen_Generation = YES;
				INFOPLIST_KEY_UISupportedInterfaceOrientations_iPad = "UIInterfaceOrientationPortrait UIInterfaceOrientationPortraitUpsideDown UIInterfaceOrientationLandscapeLeft UIInterfaceOrientationLandscapeRight";
				INFOPLIST_KEY_UISupportedInterfaceOrientations_iPhone = "UIInterfaceOrientationPortrait UIInterfaceOrientationLandscapeLeft UIInterfaceOrientationLandscapeRight";
				LD_RUNPATH_SEARCH_PATHS = (
					"$(inherited)",
					"@executable_path/Frameworks",
				);
				MARKETING_VERSION = 1.0;
				PRODUCT_BUNDLE_IDENTIFIER = com.datingApp;
				PRODUCT_NAME = "$(TARGET_NAME)";
				SWIFT_EMIT_LOC_STRINGS = YES;
				SWIFT_VERSION = 5.0;
				TARGETED_DEVICE_FAMILY = "1,2";
			};
			name = Debug;
		};
		0D301CC52C48A064002F1BC8 /* Release */ = {
			isa = XCBuildConfiguration;
			buildSettings = {
				ASSETCATALOG_COMPILER_APPICON_NAME = AppIcon;
				ASSETCATALOG_COMPILER_GLOBAL_ACCENT_COLOR_NAME = AccentColor;
				CODE_SIGN_STYLE = Automatic;
				CURRENT_PROJECT_VERSION = 1;
				DEVELOPMENT_ASSET_PATHS = "\"datingApp/Preview Content\"";
				ENABLE_PREVIEWS = YES;
				GENERATE_INFOPLIST_FILE = YES;
				INFOPLIST_FILE = datingApp/Info.plist;
				INFOPLIST_KEY_UIApplicationSceneManifest_Generation = YES;
				INFOPLIST_KEY_UIApplicationSupportsIndirectInputEvents = YES;
				INFOPLIST_KEY_UILaunchScreen_Generation = YES;
				INFOPLIST_KEY_UISupportedInterfaceOrientations_iPad = "UIInterfaceOrientationPortrait UIInterfaceOrientationPortraitUpsideDown UIInterfaceOrientationLandscapeLeft UIInterfaceOrientationLandscapeRight";
				INFOPLIST_KEY_UISupportedInterfaceOrientations_iPhone = "UIInterfaceOrientationPortrait UIInterfaceOrientationLandscapeLeft UIInterfaceOrientationLandscapeRight";
				LD_RUNPATH_SEARCH_PATHS = (
					"$(inherited)",
					"@executable_path/Frameworks",
				);
				MARKETING_VERSION = 1.0;
				PRODUCT_BUNDLE_IDENTIFIER = com.datingApp;
				PRODUCT_NAME = "$(TARGET_NAME)";
				SWIFT_EMIT_LOC_STRINGS = YES;
				SWIFT_VERSION = 5.0;
				TARGETED_DEVICE_FAMILY = "1,2";
			};
			name = Release;
		};
		0D301CC72C48A064002F1BC8 /* Debug */ = {
			isa = XCBuildConfiguration;
			buildSettings = {
				ALWAYS_EMBED_SWIFT_STANDARD_LIBRARIES = YES;
				BUNDLE_LOADER = "$(TEST_HOST)";
				CODE_SIGN_STYLE = Automatic;
				CURRENT_PROJECT_VERSION = 1;
				GENERATE_INFOPLIST_FILE = YES;
				IPHONEOS_DEPLOYMENT_TARGET = 17.4;
				MARKETING_VERSION = 1.0;
				PRODUCT_BUNDLE_IDENTIFIER = dat.datingAppTests;
				PRODUCT_NAME = "$(TARGET_NAME)";
				SWIFT_EMIT_LOC_STRINGS = NO;
				SWIFT_VERSION = 5.0;
				TARGETED_DEVICE_FAMILY = "1,2";
				TEST_HOST = "$(BUILT_PRODUCTS_DIR)/datingApp.app/$(BUNDLE_EXECUTABLE_FOLDER_PATH)/datingApp";
			};
			name = Debug;
		};
		0D301CC82C48A064002F1BC8 /* Release */ = {
			isa = XCBuildConfiguration;
			buildSettings = {
				ALWAYS_EMBED_SWIFT_STANDARD_LIBRARIES = YES;
				BUNDLE_LOADER = "$(TEST_HOST)";
				CODE_SIGN_STYLE = Automatic;
				CURRENT_PROJECT_VERSION = 1;
				GENERATE_INFOPLIST_FILE = YES;
				IPHONEOS_DEPLOYMENT_TARGET = 17.4;
				MARKETING_VERSION = 1.0;
				PRODUCT_BUNDLE_IDENTIFIER = dat.datingAppTests;
				PRODUCT_NAME = "$(TARGET_NAME)";
				SWIFT_EMIT_LOC_STRINGS = NO;
				SWIFT_VERSION = 5.0;
				TARGETED_DEVICE_FAMILY = "1,2";
				TEST_HOST = "$(BUILT_PRODUCTS_DIR)/datingApp.app/$(BUNDLE_EXECUTABLE_FOLDER_PATH)/datingApp";
			};
			name = Release;
		};
		0D301CCA2C48A064002F1BC8 /* Debug */ = {
			isa = XCBuildConfiguration;
			buildSettings = {
				ALWAYS_EMBED_SWIFT_STANDARD_LIBRARIES = YES;
				CODE_SIGN_STYLE = Automatic;
				CURRENT_PROJECT_VERSION = 1;
				GENERATE_INFOPLIST_FILE = YES;
				MARKETING_VERSION = 1.0;
				PRODUCT_BUNDLE_IDENTIFIER = dat.datingAppUITests;
				PRODUCT_NAME = "$(TARGET_NAME)";
				SWIFT_EMIT_LOC_STRINGS = NO;
				SWIFT_VERSION = 5.0;
				TARGETED_DEVICE_FAMILY = "1,2";
				TEST_TARGET_NAME = datingApp;
			};
			name = Debug;
		};
		0D301CCB2C48A064002F1BC8 /* Release */ = {
			isa = XCBuildConfiguration;
			buildSettings = {
				ALWAYS_EMBED_SWIFT_STANDARD_LIBRARIES = YES;
				CODE_SIGN_STYLE = Automatic;
				CURRENT_PROJECT_VERSION = 1;
				GENERATE_INFOPLIST_FILE = YES;
				MARKETING_VERSION = 1.0;
				PRODUCT_BUNDLE_IDENTIFIER = dat.datingAppUITests;
				PRODUCT_NAME = "$(TARGET_NAME)";
				SWIFT_EMIT_LOC_STRINGS = NO;
				SWIFT_VERSION = 5.0;
				TARGETED_DEVICE_FAMILY = "1,2";
				TEST_TARGET_NAME = datingApp;
			};
			name = Release;
		};
/* End XCBuildConfiguration section */

/* Begin XCConfigurationList section */
		0D301C9A2C48A062002F1BC8 /* Build configuration list for PBXProject "datingApp" */ = {
			isa = XCConfigurationList;
			buildConfigurations = (
				0D301CC12C48A064002F1BC8 /* Debug */,
				0D301CC22C48A064002F1BC8 /* Release */,
			);
			defaultConfigurationIsVisible = 0;
			defaultConfigurationName = Release;
		};
		0D301CC32C48A064002F1BC8 /* Build configuration list for PBXNativeTarget "datingApp" */ = {
			isa = XCConfigurationList;
			buildConfigurations = (
				0D301CC42C48A064002F1BC8 /* Debug */,
				0D301CC52C48A064002F1BC8 /* Release */,
			);
			defaultConfigurationIsVisible = 0;
			defaultConfigurationName = Release;
		};
		0D301CC62C48A064002F1BC8 /* Build configuration list for PBXNativeTarget "datingAppTests" */ = {
			isa = XCConfigurationList;
			buildConfigurations = (
				0D301CC72C48A064002F1BC8 /* Debug */,
				0D301CC82C48A064002F1BC8 /* Release */,
			);
			defaultConfigurationIsVisible = 0;
			defaultConfigurationName = Release;
		};
		0D301CC92C48A064002F1BC8 /* Build configuration list for PBXNativeTarget "datingAppUITests" */ = {
			isa = XCConfigurationList;
			buildConfigurations = (
				0D301CCA2C48A064002F1BC8 /* Debug */,
				0D301CCB2C48A064002F1BC8 /* Release */,
			);
			defaultConfigurationIsVisible = 0;
			defaultConfigurationName = Release;
		};
/* End XCConfigurationList section */

/* Begin XCRemoteSwiftPackageReference section */
		0D5E080D2C6A0A2000D60231 /* XCRemoteSwiftPackageReference "Alamofire" */ = {
			isa = XCRemoteSwiftPackageReference;
			repositoryURL = "https://github.com/Alamofire/Alamofire.git";
			requirement = {
				kind = upToNextMajorVersion;
				minimumVersion = 5.9.1;
			};
		};
		0DF83CE22C52FCFD00F8C0A3 /* XCRemoteSwiftPackageReference "firebase-ios-sdk" */ = {
			isa = XCRemoteSwiftPackageReference;
			repositoryURL = "https://github.com/firebase/firebase-ios-sdk";
			requirement = {
				kind = upToNextMajorVersion;
				minimumVersion = 10.29.0;
			};
		};
/* End XCRemoteSwiftPackageReference section */

/* Begin XCSwiftPackageProductDependency section */
		0D13A24D2C63B4E00073DA7A /* FirebaseStorage */ = {
			isa = XCSwiftPackageProductDependency;
			package = 0DF83CE22C52FCFD00F8C0A3 /* XCRemoteSwiftPackageReference "firebase-ios-sdk" */;
			productName = FirebaseStorage;
		};
		0D5E080E2C6A0A4C00D60231 /* Alamofire */ = {
			isa = XCSwiftPackageProductDependency;
			package = 0D5E080D2C6A0A2000D60231 /* XCRemoteSwiftPackageReference "Alamofire" */;
			productName = Alamofire;
		};
		0DF83CE42C52FDD200F8C0A3 /* FirebaseAuth */ = {
			isa = XCSwiftPackageProductDependency;
			package = 0DF83CE22C52FCFD00F8C0A3 /* XCRemoteSwiftPackageReference "firebase-ios-sdk" */;
			productName = FirebaseAuth;
		};
		0DF83CE62C52FDDD00F8C0A3 /* FirebaseDatabase */ = {
			isa = XCSwiftPackageProductDependency;
			package = 0DF83CE22C52FCFD00F8C0A3 /* XCRemoteSwiftPackageReference "firebase-ios-sdk" */;
			productName = FirebaseDatabase;
		};
		0DF83CE82C52FDDD00F8C0A3 /* FirebaseDatabaseSwift */ = {
			isa = XCSwiftPackageProductDependency;
			package = 0DF83CE22C52FCFD00F8C0A3 /* XCRemoteSwiftPackageReference "firebase-ios-sdk" */;
			productName = FirebaseDatabaseSwift;
		};
		0DF83CEA2C52FDEC00F8C0A3 /* FirebaseFirestore */ = {
			isa = XCSwiftPackageProductDependency;
			package = 0DF83CE22C52FCFD00F8C0A3 /* XCRemoteSwiftPackageReference "firebase-ios-sdk" */;
			productName = FirebaseFirestore;
		};
		0DF83CEC2C52FDEC00F8C0A3 /* FirebaseFirestoreCombine-Community */ = {
			isa = XCSwiftPackageProductDependency;
			package = 0DF83CE22C52FCFD00F8C0A3 /* XCRemoteSwiftPackageReference "firebase-ios-sdk" */;
			productName = "FirebaseFirestoreCombine-Community";
		};
		0DF83CEE2C52FDEC00F8C0A3 /* FirebaseFirestoreSwift */ = {
			isa = XCSwiftPackageProductDependency;
			package = 0DF83CE22C52FCFD00F8C0A3 /* XCRemoteSwiftPackageReference "firebase-ios-sdk" */;
			productName = FirebaseFirestoreSwift;
		};
		0DF83CF02C52FDFE00F8C0A3 /* FirebaseMessaging */ = {
			isa = XCSwiftPackageProductDependency;
			package = 0DF83CE22C52FCFD00F8C0A3 /* XCRemoteSwiftPackageReference "firebase-ios-sdk" */;
			productName = FirebaseMessaging;
		};
		0DF83CF22C52FE3D00F8C0A3 /* FirebaseAnalyticsSwift */ = {
			isa = XCSwiftPackageProductDependency;
			package = 0DF83CE22C52FCFD00F8C0A3 /* XCRemoteSwiftPackageReference "firebase-ios-sdk" */;
			productName = FirebaseAnalyticsSwift;
		};
		0DF83CF42C52FE4100F8C0A3 /* FirebaseAnalytics */ = {
			isa = XCSwiftPackageProductDependency;
			package = 0DF83CE22C52FCFD00F8C0A3 /* XCRemoteSwiftPackageReference "firebase-ios-sdk" */;
			productName = FirebaseAnalytics;
		};
		0DF83CFE2C5475AE00F8C0A3 /* FirebaseAuthCombine-Community */ = {
			isa = XCSwiftPackageProductDependency;
			package = 0DF83CE22C52FCFD00F8C0A3 /* XCRemoteSwiftPackageReference "firebase-ios-sdk" */;
			productName = "FirebaseAuthCombine-Community";
		};
/* End XCSwiftPackageProductDependency section */
	};
	rootObject = 0D301C972C48A062002F1BC8 /* Project object */;
}
